{
  "name": "industry",
  "version": "1.0.0",
  "lockfileVersion": 1,
  "requires": true,
  "dependencies": {
    "jquery.waitforimages": {
      "version": "2.4.0",
      "resolved": "https://registry.npmjs.org/jquery.waitforimages/-/jquery.waitforimages-2.4.0.tgz",
      "integrity": "sha512-GmkE2wf2vUlg+XayDq0bfUtsn/Wq7FIX1NjnOtMjl63goz/PKj7787RoTJXQx6XAaZAO3TQ3QoLfLwWsaDKOhQ=="
    },
    "semantic-ui-dimmer": {
      "version": "2.4.0",
      "resolved": "https://registry.npmjs.org/semantic-ui-dimmer/-/semantic-ui-dimmer-2.4.0.tgz",
      "integrity": "sha512-ra7sd+LMtf4ZKXm1AxwemIrj2tuoFPejvVOFEMYGK/gtKu7cXt6TeIbwE7jyZ8w4c9y0SCb2Zpd38iu2wQyqVA=="
    },
    "semantic-ui-loader": {
      "version": "2.3.1",
      "resolved": "https://registry.npmjs.org/semantic-ui-loader/-/semantic-ui-loader-2.3.1.tgz",
      "integrity": "sha512-mOzzJDMKp255O1HlEhAKO3Qf73C8V+8h1z9LJforTZuGyVIAaoX4o9W1vkXGfxDFhNVR5cSkILTIPlZmCKY1dw=="
    }
  }
}
